
Microsoft Visual Studio Solution File, Format Version 11.00
# Visual Studio 2010
Project("{8BC9CEB8-8B4A-11D0-8D11-00A0C91BC942}") = "zlib", "zlib\zlib.vcxproj", "{DFD1FD74-74FE-4B3F-985B-E7C2806BB7CD}"
EndProject
Project("{8BC9CEB8-8B4A-11D0-8D11-00A0C91BC942}") = "zziplib", "zziplib\zziplib.vcxproj", "{1D131873-710F-457C-B63B-0E28A1C1EAC2}"
	ProjectSection(ProjectDependencies) = postProject
		{DFD1FD74-74FE-4B3F-985B-E7C2806BB7CD} = {DFD1FD74-74FE-4B3F-985B-E7C2806BB7CD}
	EndProjectSection
EndProject
Project("{8BC9CEB8-8B4A-11D0-8D11-00A0C91BC942}") = "curllib", "curllib\curllib.vcxproj", "{09C4FBFB-1886-43B0-9DC8-342F113D52FD}"
EndProject
Global
	GlobalSection(SolutionConfigurationPlatforms) = preSolution
		Debug|Win32 = Debug|Win32
		Release|Win32 = Release|Win32
		Shipping|Win32 = Shipping|Win32
	EndGlobalSection
	GlobalSection(ProjectConfigurationPlatforms) = postSolution
		{DFD1FD74-74FE-4B3F-985B-E7C2806BB7CD}.Debug|Win32.ActiveCfg = Debug|Win32
		{DFD1FD74-74FE-4B3F-985B-E7C2806BB7CD}.Debug|Win32.Build.0 = Debug|Win32
		{DFD1FD74-74FE-4B3F-985B-E7C2806BB7CD}.Release|Win32.ActiveCfg = Release|Win32
		{DFD1FD74-74FE-4B3F-985B-E7C2806BB7CD}.Release|Win32.Build.0 = Release|Win32
		{DFD1FD74-74FE-4B3F-985B-E7C2806BB7CD}.Shipping|Win32.ActiveCfg = Shipping|Win32
		{DFD1FD74-74FE-4B3F-985B-E7C2806BB7CD}.Shipping|Win32.Build.0 = Shipping|Win32
		{1D131873-710F-457C-B63B-0E28A1C1EAC2}.Debug|Win32.ActiveCfg = Debug|Win32
		{1D131873-710F-457C-B63B-0E28A1C1EAC2}.Debug|Win32.Build.0 = Debug|Win32
		{1D131873-710F-457C-B63B-0E28A1C1EAC2}.Release|Win32.ActiveCfg = Release|Win32
		{1D131873-710F-457C-B63B-0E28A1C1EAC2}.Release|Win32.Build.0 = Release|Win32
		{1D131873-710F-457C-B63B-0E28A1C1EAC2}.Shipping|Win32.ActiveCfg = Shipping|Win32
		{1D131873-710F-457C-B63B-0E28A1C1EAC2}.Shipping|Win32.Build.0 = Shipping|Win32
		{09C4FBFB-1886-43B0-9DC8-342F113D52FD}.Debug|Win32.ActiveCfg = Debug|Win32
		{09C4FBFB-1886-43B0-9DC8-342F113D52FD}.Debug|Win32.Build.0 = Debug|Win32
		{09C4FBFB-1886-43B0-9DC8-342F113D52FD}.Release|Win32.ActiveCfg = Release|Win32
		{09C4FBFB-1886-43B0-9DC8-342F113D52FD}.Release|Win32.Build.0 = Release|Win32
		{09C4FBFB-1886-43B0-9DC8-342F113D52FD}.Shipping|Win32.ActiveCfg = Shipping|Win32
		{09C4FBFB-1886-43B0-9DC8-342F113D52FD}.Shipping|Win32.Build.0 = Shipping|Win32
	EndGlobalSection
	GlobalSection(SolutionProperties) = preSolution
		HideSolutionNode = FALSE
	EndGlobalSection
EndGlobal
