<?xml version="1.0" encoding="utf-8"?>
<Project ToolsVersion="4.0" xmlns="http://schemas.microsoft.com/developer/msbuild/2003">
  <ItemGroup>
    <Filter Include="Framework">
      <UniqueIdentifier>{93995380-89BD-4b04-88EB-625FBE52EBFB}</UniqueIdentifier>
      <Extensions>h;hpp;hxx;hm;inl;inc;xsd</Extensions>
    </Filter>
    <Filter Include="PCH">
      <UniqueIdentifier>{4FC737F1-C7A5-4376-A066-2A32D752A2FF}</UniqueIdentifier>
      <Extensions>cpp;c;cc;cxx;def;odl;idl;hpj;bat;asm;asmx</Extensions>
    </Filter>
    <Filter Include="Renderer">
      <UniqueIdentifier>{67DA6AB6-F800-4c08-8B7A-83BB121AAD01}</UniqueIdentifier>
      <Extensions>rc;ico;cur;bmp;dlg;rc2;rct;bin;rgs;gif;jpg;jpeg;jpe;resx;tiff;tif;png;wav;mfcribbon-ms</Extensions>
    </Filter>
    <Filter Include="Renderer\GLES2">
      <UniqueIdentifier>{8180a6bc-8f26-4cff-967e-97a6bf647058}</UniqueIdentifier>
    </Filter>
    <Filter Include="Renderer\GL">
      <UniqueIdentifier>{684ef1d2-3779-425a-aa46-5292169cc922}</UniqueIdentifier>
    </Filter>
    <Filter Include="Renderer\D3D11">
      <UniqueIdentifier>{92dfdcf9-d068-457e-9783-f0af8bc2da64}</UniqueIdentifier>
    </Filter>
    <Filter Include="Input">
      <UniqueIdentifier>{8743a0d8-b79c-4891-a425-46ba5736b956}</UniqueIdentifier>
    </Filter>
    <Filter Include="Scene">
      <UniqueIdentifier>{ee8b9302-dff0-4015-959a-d10fa36147c2}</UniqueIdentifier>
    </Filter>
    <Filter Include="Frame">
      <UniqueIdentifier>{2e6b415c-9b13-463e-a28b-c5c8a0e0c6c8}</UniqueIdentifier>
    </Filter>
  </ItemGroup>
  <ItemGroup>
    <ClCompile Include="..\..\..\..\Source\VeMain\VeMain.cpp">
      <Filter>Framework</Filter>
    </ClCompile>
    <ClCompile Include="..\..\..\..\Source\VeMain\VeMainPCH.cpp">
      <Filter>PCH</Filter>
    </ClCompile>
    <ClCompile Include="..\..\..\..\Source\VeMain\_VeGlLoader.cpp">
      <Filter>Renderer\GL</Filter>
    </ClCompile>
    <ClCompile Include="..\..\..\..\Source\VeMain\VeRenderer.cpp">
      <Filter>Renderer</Filter>
    </ClCompile>
    <ClCompile Include="..\..\..\..\Source\VeMain\_VeRendererGL.cpp">
      <Filter>Renderer\GL</Filter>
    </ClCompile>
    <ClCompile Include="..\..\..\..\Source\VeMain\_VeRendererGLES2.cpp">
      <Filter>Renderer\GLES2</Filter>
    </ClCompile>
    <ClCompile Include="..\..\..\..\Source\VeMain\VeApplication.cpp">
      <Filter>Framework</Filter>
    </ClCompile>
    <ClCompile Include="..\..\..\..\Source\VeMain\gl.cpp">
      <Filter>Renderer\GL</Filter>
    </ClCompile>
    <ClCompile Include="..\..\..\..\Source\VeMain\glx.cpp">
      <Filter>Renderer\GL</Filter>
    </ClCompile>
    <ClCompile Include="..\..\..\..\Source\VeMain\wgl.cpp">
      <Filter>Renderer\GL</Filter>
    </ClCompile>
    <ClCompile Include="..\..\..\..\Source\VeMain\_VeRendererD3D11.cpp">
      <Filter>Renderer\D3D11</Filter>
    </ClCompile>
    <ClCompile Include="..\..\..\..\Source\VeMain\VeStartConfig.cpp">
      <Filter>Framework</Filter>
    </ClCompile>
    <ClCompile Include="..\..\..\..\Source\VeMain\VeInputManager.cpp">
      <Filter>Input</Filter>
    </ClCompile>
    <ClCompile Include="..\..\..\..\Source\VeMain\VeKeyboard.cpp">
      <Filter>Input</Filter>
    </ClCompile>
    <ClCompile Include="..\..\..\..\Source\VeMain\VeMouse.cpp">
      <Filter>Input</Filter>
    </ClCompile>
    <ClCompile Include="..\..\..\..\Source\VeMain\VeJoyStick.cpp">
      <Filter>Input</Filter>
    </ClCompile>
    <ClCompile Include="..\..\..\..\Source\VeMain\VeEditorApplication.cpp">
      <Filter>Framework</Filter>
    </ClCompile>
    <ClCompile Include="..\..\..\..\Source\VeMain\_VeRenderObjectD3D11.cpp">
      <Filter>Renderer\D3D11</Filter>
    </ClCompile>
    <ClCompile Include="..\..\..\..\Source\VeMain\VeRenderNode.cpp">
      <Filter>Renderer</Filter>
    </ClCompile>
    <ClCompile Include="..\..\..\..\Source\VeMain\VeRenderObject.cpp">
      <Filter>Renderer</Filter>
    </ClCompile>
    <ClCompile Include="..\..\..\..\Source\VeMain\VeRenderResource.cpp">
      <Filter>Renderer</Filter>
    </ClCompile>
    <ClCompile Include="..\..\..\..\Source\VeMain\_VeRenderObjectGLES2.cpp">
      <Filter>Renderer\GLES2</Filter>
    </ClCompile>
    <ClCompile Include="..\..\..\..\Source\VeMain\VeCamera.cpp">
      <Filter>Scene</Filter>
    </ClCompile>
    <ClCompile Include="..\..\..\..\Source\VeMain\VeMesh.cpp">
      <Filter>Scene</Filter>
    </ClCompile>
    <ClCompile Include="..\..\..\..\Source\VeMain\VeSceneManager.cpp">
      <Filter>Scene</Filter>
    </ClCompile>
    <ClCompile Include="..\..\..\..\Source\VeMain\VeSceneRenderable.cpp">
      <Filter>Scene</Filter>
    </ClCompile>
    <ClCompile Include="..\..\..\..\Source\VeMain\VeMaterialManager.cpp">
      <Filter>Frame</Filter>
    </ClCompile>
    <ClCompile Include="..\..\..\..\Source\VeMain\VeMaterialResource.cpp">
      <Filter>Frame</Filter>
    </ClCompile>
  </ItemGroup>
  <ItemGroup>
    <ClInclude Include="..\..\..\..\Source\VeMain\VeMain.h">
      <Filter>Framework</Filter>
    </ClInclude>
    <ClInclude Include="..\..\..\..\Source\VeMain\VeMainPCH.h">
      <Filter>PCH</Filter>
    </ClInclude>
    <ClInclude Include="..\..\..\..\Source\VeMain\_VeGlLoader.h">
      <Filter>Renderer\GL</Filter>
    </ClInclude>
    <ClInclude Include="..\..\..\..\Source\VeMain\VeRenderer.h">
      <Filter>Renderer</Filter>
    </ClInclude>
    <ClInclude Include="..\..\..\..\Source\VeMain\_VeRendererGL.h">
      <Filter>Renderer\GL</Filter>
    </ClInclude>
    <ClInclude Include="..\..\..\..\Source\VeMain\_VeRendererGLES2.h">
      <Filter>Renderer\GLES2</Filter>
    </ClInclude>
    <ClInclude Include="..\..\..\..\Source\VeMain\VeApplication.h">
      <Filter>Framework</Filter>
    </ClInclude>
    <ClInclude Include="..\..\..\..\Source\VeMain\gl.h">
      <Filter>Renderer\GL</Filter>
    </ClInclude>
    <ClInclude Include="..\..\..\..\Source\VeMain\glx.h">
      <Filter>Renderer\GL</Filter>
    </ClInclude>
    <ClInclude Include="..\..\..\..\Source\VeMain\wgl.h">
      <Filter>Renderer\GL</Filter>
    </ClInclude>
    <ClInclude Include="..\..\..\..\Source\VeMain\_VeRendererD3D11.h">
      <Filter>Renderer\D3D11</Filter>
    </ClInclude>
    <ClInclude Include="..\..\..\..\Source\VeMain\VeStartConfig.h">
      <Filter>Framework</Filter>
    </ClInclude>
    <ClInclude Include="..\..\..\..\Source\VeMain\VeInputManager.h">
      <Filter>Input</Filter>
    </ClInclude>
    <ClInclude Include="..\..\..\..\Source\VeMain\VeKeyboard.h">
      <Filter>Input</Filter>
    </ClInclude>
    <ClInclude Include="..\..\..\..\Source\VeMain\VeMouse.h">
      <Filter>Input</Filter>
    </ClInclude>
    <ClInclude Include="..\..\..\..\Source\VeMain\VeJoyStick.h">
      <Filter>Input</Filter>
    </ClInclude>
    <ClInclude Include="..\..\..\..\Source\VeMain\VeEditorApplication.h">
      <Filter>Framework</Filter>
    </ClInclude>
    <ClInclude Include="..\..\..\..\Source\VeMain\_VeRenderObjectD3D11.h">
      <Filter>Renderer\D3D11</Filter>
    </ClInclude>
    <ClInclude Include="..\..\..\..\Source\VeMain\VeRenderNode.h">
      <Filter>Renderer</Filter>
    </ClInclude>
    <ClInclude Include="..\..\..\..\Source\VeMain\VeRenderObject.h">
      <Filter>Renderer</Filter>
    </ClInclude>
    <ClInclude Include="..\..\..\..\Source\VeMain\VeRenderResource.h">
      <Filter>Renderer</Filter>
    </ClInclude>
    <ClInclude Include="..\..\..\..\Source\VeMain\_VeRenderObjectGLES2.h">
      <Filter>Renderer\GLES2</Filter>
    </ClInclude>
    <ClInclude Include="..\..\..\..\Source\VeMain\VeCamera.h">
      <Filter>Scene</Filter>
    </ClInclude>
    <ClInclude Include="..\..\..\..\Source\VeMain\VeMesh.h">
      <Filter>Scene</Filter>
    </ClInclude>
    <ClInclude Include="..\..\..\..\Source\VeMain\VeSceneManager.h">
      <Filter>Scene</Filter>
    </ClInclude>
    <ClInclude Include="..\..\..\..\Source\VeMain\VeSceneRenderable.h">
      <Filter>Scene</Filter>
    </ClInclude>
    <ClInclude Include="..\..\..\..\Source\VeMain\VeMaterialManager.h">
      <Filter>Frame</Filter>
    </ClInclude>
    <ClInclude Include="..\..\..\..\Source\VeMain\VeMaterialResource.h">
      <Filter>Frame</Filter>
    </ClInclude>
  </ItemGroup>
  <ItemGroup>
    <None Include="..\..\..\..\Source\VeMain\VeApplication.inl">
      <Filter>Framework</Filter>
    </None>
    <None Include="..\..\..\..\Source\VeMain\VeStartConfig.inl">
      <Filter>Framework</Filter>
    </None>
    <None Include="..\..\..\..\Source\VeMain\VeJoyStick.inl">
      <Filter>Input</Filter>
    </None>
    <None Include="..\..\..\..\Source\VeMain\VeKeyboard.inl">
      <Filter>Input</Filter>
    </None>
    <None Include="..\..\..\..\Source\VeMain\VeMouse.inl">
      <Filter>Input</Filter>
    </None>
    <None Include="..\..\..\..\Source\VeMain\VeInputManager.inl">
      <Filter>Input</Filter>
    </None>
    <None Include="..\..\..\..\Source\VeMain\VeRenderer.inl">
      <Filter>Renderer</Filter>
    </None>
    <None Include="..\..\..\..\Source\VeMain\VeRenderNode.inl">
      <Filter>Renderer</Filter>
    </None>
    <None Include="..\..\..\..\Source\VeMain\VeRenderObject.inl">
      <Filter>Renderer</Filter>
    </None>
    <None Include="..\..\..\..\Source\VeMain\VeRenderResource.inl">
      <Filter>Renderer</Filter>
    </None>
    <None Include="..\..\..\..\Source\VeMain\VeCamera.inl">
      <Filter>Scene</Filter>
    </None>
    <None Include="..\..\..\..\Source\VeMain\VeMesh.inl">
      <Filter>Scene</Filter>
    </None>
    <None Include="..\..\..\..\Source\VeMain\VeSceneManager.inl">
      <Filter>Scene</Filter>
    </None>
    <None Include="..\..\..\..\Source\VeMain\VeSceneRenderable.inl">
      <Filter>Scene</Filter>
    </None>
    <None Include="..\..\..\..\Source\VeMain\VeMaterialManager.inl">
      <Filter>Frame</Filter>
    </None>
    <None Include="..\..\..\..\Source\VeMain\VeMaterialResource.inl">
      <Filter>Frame</Filter>
    </None>
  </ItemGroup>
</Project>