
Microsoft Visual Studio Solution File, Format Version 11.00
# Visual Studio 2010
Project("{8BC9CEB8-8B4A-11D0-8D11-00A0C91BC942}") = "TexasPoker.win32", "TexasPoker.win32.vcxproj", "{654FD5D1-16C2-4CBC-A685-A74914155FFA}"
EndProject
Global
	GlobalSection(SolutionConfigurationPlatforms) = preSolution
		Debug|Win32 = Debug|Win32
		Debug240x360|Win32 = Debug240x360|Win32
		Debug320x480|Win32 = Debug320x480|Win32
		Debug320x568|Win32 = Debug320x568|Win32
		Debug480x640|Win32 = Debug480x640|Win32
		Debug480x720|Win32 = Debug480x720|Win32
		Debug640x1136|Win32 = Debug640x1136|Win32
		Debug640x960|Win32 = Debug640x960|Win32
		Debug720x960|Win32 = Debug720x960|Win32
		Debug768x1024|Win32 = Debug768x1024|Win32
		Release|Win32 = Release|Win32
	EndGlobalSection
	GlobalSection(ProjectConfigurationPlatforms) = postSolution
		{654FD5D1-16C2-4CBC-A685-A74914155FFA}.Debug|Win32.ActiveCfg = Debug|Win32
		{654FD5D1-16C2-4CBC-A685-A74914155FFA}.Debug|Win32.Build.0 = Debug|Win32
		{654FD5D1-16C2-4CBC-A685-A74914155FFA}.Debug240x360|Win32.ActiveCfg = Debug240x360|Win32
		{654FD5D1-16C2-4CBC-A685-A74914155FFA}.Debug240x360|Win32.Build.0 = Debug240x360|Win32
		{654FD5D1-16C2-4CBC-A685-A74914155FFA}.Debug320x480|Win32.ActiveCfg = Debug320x480|Win32
		{654FD5D1-16C2-4CBC-A685-A74914155FFA}.Debug320x480|Win32.Build.0 = Debug320x480|Win32
		{654FD5D1-16C2-4CBC-A685-A74914155FFA}.Debug320x568|Win32.ActiveCfg = Debug320x568|Win32
		{654FD5D1-16C2-4CBC-A685-A74914155FFA}.Debug320x568|Win32.Build.0 = Debug320x568|Win32
		{654FD5D1-16C2-4CBC-A685-A74914155FFA}.Debug480x640|Win32.ActiveCfg = Debug480x640|Win32
		{654FD5D1-16C2-4CBC-A685-A74914155FFA}.Debug480x640|Win32.Build.0 = Debug480x640|Win32
		{654FD5D1-16C2-4CBC-A685-A74914155FFA}.Debug480x720|Win32.ActiveCfg = Debug480x720|Win32
		{654FD5D1-16C2-4CBC-A685-A74914155FFA}.Debug480x720|Win32.Build.0 = Debug480x720|Win32
		{654FD5D1-16C2-4CBC-A685-A74914155FFA}.Debug640x1136|Win32.ActiveCfg = Debug640x1136|Win32
		{654FD5D1-16C2-4CBC-A685-A74914155FFA}.Debug640x1136|Win32.Build.0 = Debug640x1136|Win32
		{654FD5D1-16C2-4CBC-A685-A74914155FFA}.Debug640x960|Win32.ActiveCfg = Debug640x960|Win32
		{654FD5D1-16C2-4CBC-A685-A74914155FFA}.Debug640x960|Win32.Build.0 = Debug640x960|Win32
		{654FD5D1-16C2-4CBC-A685-A74914155FFA}.Debug720x960|Win32.ActiveCfg = Debug720x960|Win32
		{654FD5D1-16C2-4CBC-A685-A74914155FFA}.Debug720x960|Win32.Build.0 = Debug720x960|Win32
		{654FD5D1-16C2-4CBC-A685-A74914155FFA}.Debug768x1024|Win32.ActiveCfg = Debug768x1024|Win32
		{654FD5D1-16C2-4CBC-A685-A74914155FFA}.Debug768x1024|Win32.Build.0 = Debug768x1024|Win32
		{654FD5D1-16C2-4CBC-A685-A74914155FFA}.Release|Win32.ActiveCfg = Release|Win32
		{654FD5D1-16C2-4CBC-A685-A74914155FFA}.Release|Win32.Build.0 = Release|Win32
	EndGlobalSection
	GlobalSection(SolutionProperties) = preSolution
		HideSolutionNode = FALSE
	EndGlobalSection
EndGlobal
